
Microsoft Visual Studio Solution File, Format Version 12.00
# Visual Studio Version 16
VisualStudioVersion = 16.0.31702.278
MinimumVisualStudioVersion = 10.0.40219.1
Project("{FAE04EC0-301F-11D3-BF4B-00C04F79EFBC}") = "CRMApp.UWP", "CRMApp\CRMApp.UWP\CRMApp.UWP.csproj", "{80BA8320-F7E1-47BB-8031-FE0E6D3BAA85}"
EndProject
Project("{FAE04EC0-301F-11D3-BF4B-00C04F79EFBC}") = "CRMApp.Android", "CRMApp\CRMApp.Android\CRMApp.Android.csproj", "{C459846C-5953-4CA5-A86B-385271053A26}"
EndProject
Project("{FAE04EC0-301F-11D3-BF4B-00C04F79EFBC}") = "CRMApp.iOS", "CRMApp\CRMApp.iOS\CRMApp.iOS.csproj", "{2C080797-92C7-425C-8CB4-13F701607918}"
EndProject
Project("{9A19103F-16F7-4668-BE54-9A1E7A4F7556}") = "CRMApp", "CRMApp\CRMApp\CRMApp.csproj", "{6DCDF15D-1162-4F23-A2A4-63285C111C8F}"
EndProject
Project("{2150E333-8FDC-42A3-9474-1A3956D46DE8}") = "Solution Items", "Solution Items", "{1A764315-AC55-4A3B-A1A7-DE2E5494E949}"
	ProjectSection(SolutionItems) = preProject
		.editorconfig = .editorconfig
	EndProjectSection
EndProject
Global
	GlobalSection(SolutionConfigurationPlatforms) = preSolution
		Debug|Any CPU = Debug|Any CPU
		Debug|ARM = Debug|ARM
		Debug|iPhone = Debug|iPhone
		Debug|iPhoneSimulator = Debug|iPhoneSimulator
		Debug|x64 = Debug|x64
		Debug|x86 = Debug|x86
		Release|Any CPU = Release|Any CPU
		Release|ARM = Release|ARM
		Release|iPhone = Release|iPhone
		Release|iPhoneSimulator = Release|iPhoneSimulator
		Release|x64 = Release|x64
		Release|x86 = Release|x86
	EndGlobalSection
	GlobalSection(ProjectConfigurationPlatforms) = postSolution
		{80BA8320-F7E1-47BB-8031-FE0E6D3BAA85}.Debug|Any CPU.ActiveCfg = Debug|x86
		{80BA8320-F7E1-47BB-8031-FE0E6D3BAA85}.Debug|Any CPU.Build.0 = Debug|x86
		{80BA8320-F7E1-47BB-8031-FE0E6D3BAA85}.Debug|Any CPU.Deploy.0 = Debug|x86
		{80BA8320-F7E1-47BB-8031-FE0E6D3BAA85}.Debug|ARM.ActiveCfg = Debug|ARM
		{80BA8320-F7E1-47BB-8031-FE0E6D3BAA85}.Debug|ARM.Build.0 = Debug|ARM
		{80BA8320-F7E1-47BB-8031-FE0E6D3BAA85}.Debug|ARM.Deploy.0 = Debug|ARM
		{80BA8320-F7E1-47BB-8031-FE0E6D3BAA85}.Debug|iPhone.ActiveCfg = Debug|x86
		{80BA8320-F7E1-47BB-8031-FE0E6D3BAA85}.Debug|iPhone.Build.0 = Debug|x86
		{80BA8320-F7E1-47BB-8031-FE0E6D3BAA85}.Debug|iPhone.Deploy.0 = Debug|x86
		{80BA8320-F7E1-47BB-8031-FE0E6D3BAA85}.Debug|iPhoneSimulator.ActiveCfg = Debug|x86
		{80BA8320-F7E1-47BB-8031-FE0E6D3BAA85}.Debug|iPhoneSimulator.Build.0 = Debug|x86
		{80BA8320-F7E1-47BB-8031-FE0E6D3BAA85}.Debug|iPhoneSimulator.Deploy.0 = Debug|x86
		{80BA8320-F7E1-47BB-8031-FE0E6D3BAA85}.Debug|x64.ActiveCfg = Debug|x64
		{80BA8320-F7E1-47BB-8031-FE0E6D3BAA85}.Debug|x64.Build.0 = Debug|x64
		{80BA8320-F7E1-47BB-8031-FE0E6D3BAA85}.Debug|x64.Deploy.0 = Debug|x64
		{80BA8320-F7E1-47BB-8031-FE0E6D3BAA85}.Debug|x86.ActiveCfg = Debug|x86
		{80BA8320-F7E1-47BB-8031-FE0E6D3BAA85}.Debug|x86.Build.0 = Debug|x86
		{80BA8320-F7E1-47BB-8031-FE0E6D3BAA85}.Debug|x86.Deploy.0 = Debug|x86
		{80BA8320-F7E1-47BB-8031-FE0E6D3BAA85}.Release|Any CPU.ActiveCfg = Release|x86
		{80BA8320-F7E1-47BB-8031-FE0E6D3BAA85}.Release|Any CPU.Build.0 = Release|x86
		{80BA8320-F7E1-47BB-8031-FE0E6D3BAA85}.Release|Any CPU.Deploy.0 = Release|x86
		{80BA8320-F7E1-47BB-8031-FE0E6D3BAA85}.Release|ARM.ActiveCfg = Release|ARM
		{80BA8320-F7E1-47BB-8031-FE0E6D3BAA85}.Release|ARM.Build.0 = Release|ARM
		{80BA8320-F7E1-47BB-8031-FE0E6D3BAA85}.Release|ARM.Deploy.0 = Release|ARM
		{80BA8320-F7E1-47BB-8031-FE0E6D3BAA85}.Release|iPhone.ActiveCfg = Release|x86
		{80BA8320-F7E1-47BB-8031-FE0E6D3BAA85}.Release|iPhone.Build.0 = Release|x86
		{80BA8320-F7E1-47BB-8031-FE0E6D3BAA85}.Release|iPhone.Deploy.0 = Release|x86
		{80BA8320-F7E1-47BB-8031-FE0E6D3BAA85}.Release|iPhoneSimulator.ActiveCfg = Release|x86
		{80BA8320-F7E1-47BB-8031-FE0E6D3BAA85}.Release|iPhoneSimulator.Build.0 = Release|x86
		{80BA8320-F7E1-47BB-8031-FE0E6D3BAA85}.Release|iPhoneSimulator.Deploy.0 = Release|x86
		{80BA8320-F7E1-47BB-8031-FE0E6D3BAA85}.Release|x64.ActiveCfg = Release|x64
		{80BA8320-F7E1-47BB-8031-FE0E6D3BAA85}.Release|x64.Build.0 = Release|x64
		{80BA8320-F7E1-47BB-8031-FE0E6D3BAA85}.Release|x64.Deploy.0 = Release|x64
		{80BA8320-F7E1-47BB-8031-FE0E6D3BAA85}.Release|x86.ActiveCfg = Release|x86
		{80BA8320-F7E1-47BB-8031-FE0E6D3BAA85}.Release|x86.Build.0 = Release|x86
		{80BA8320-F7E1-47BB-8031-FE0E6D3BAA85}.Release|x86.Deploy.0 = Release|x86
		{C459846C-5953-4CA5-A86B-385271053A26}.Debug|Any CPU.ActiveCfg = Debug|Any CPU
		{C459846C-5953-4CA5-A86B-385271053A26}.Debug|Any CPU.Build.0 = Debug|Any CPU
		{C459846C-5953-4CA5-A86B-385271053A26}.Debug|Any CPU.Deploy.0 = Debug|Any CPU
		{C459846C-5953-4CA5-A86B-385271053A26}.Debug|ARM.ActiveCfg = Debug|Any CPU
		{C459846C-5953-4CA5-A86B-385271053A26}.Debug|ARM.Build.0 = Debug|Any CPU
		{C459846C-5953-4CA5-A86B-385271053A26}.Debug|ARM.Deploy.0 = Debug|Any CPU
		{C459846C-5953-4CA5-A86B-385271053A26}.Debug|iPhone.ActiveCfg = Debug|Any CPU
		{C459846C-5953-4CA5-A86B-385271053A26}.Debug|iPhone.Build.0 = Debug|Any CPU
		{C459846C-5953-4CA5-A86B-385271053A26}.Debug|iPhone.Deploy.0 = Debug|Any CPU
		{C459846C-5953-4CA5-A86B-385271053A26}.Debug|iPhoneSimulator.ActiveCfg = Debug|Any CPU
		{C459846C-5953-4CA5-A86B-385271053A26}.Debug|iPhoneSimulator.Build.0 = Debug|Any CPU
		{C459846C-5953-4CA5-A86B-385271053A26}.Debug|iPhoneSimulator.Deploy.0 = Debug|Any CPU
		{C459846C-5953-4CA5-A86B-385271053A26}.Debug|x64.ActiveCfg = Debug|Any CPU
		{C459846C-5953-4CA5-A86B-385271053A26}.Debug|x64.Build.0 = Debug|Any CPU
		{C459846C-5953-4CA5-A86B-385271053A26}.Debug|x64.Deploy.0 = Debug|Any CPU
		{C459846C-5953-4CA5-A86B-385271053A26}.Debug|x86.ActiveCfg = Debug|Any CPU
		{C459846C-5953-4CA5-A86B-385271053A26}.Debug|x86.Build.0 = Debug|Any CPU
		{C459846C-5953-4CA5-A86B-385271053A26}.Debug|x86.Deploy.0 = Debug|Any CPU
		{C459846C-5953-4CA5-A86B-385271053A26}.Release|Any CPU.ActiveCfg = Release|Any CPU
		{C459846C-5953-4CA5-A86B-385271053A26}.Release|Any CPU.Build.0 = Release|Any CPU
		{C459846C-5953-4CA5-A86B-385271053A26}.Release|Any CPU.Deploy.0 = Release|Any CPU
		{C459846C-5953-4CA5-A86B-385271053A26}.Release|ARM.ActiveCfg = Release|Any CPU
		{C459846C-5953-4CA5-A86B-385271053A26}.Release|ARM.Build.0 = Release|Any CPU
		{C459846C-5953-4CA5-A86B-385271053A26}.Release|ARM.Deploy.0 = Release|Any CPU
		{C459846C-5953-4CA5-A86B-385271053A26}.Release|iPhone.ActiveCfg = Release|Any CPU
		{C459846C-5953-4CA5-A86B-385271053A26}.Release|iPhone.Build.0 = Release|Any CPU
		{C459846C-5953-4CA5-A86B-385271053A26}.Release|iPhone.Deploy.0 = Release|Any CPU
		{C459846C-5953-4CA5-A86B-385271053A26}.Release|iPhoneSimulator.ActiveCfg = Release|Any CPU
		{C459846C-5953-4CA5-A86B-385271053A26}.Release|iPhoneSimulator.Build.0 = Release|Any CPU
		{C459846C-5953-4CA5-A86B-385271053A26}.Release|iPhoneSimulator.Deploy.0 = Release|Any CPU
		{C459846C-5953-4CA5-A86B-385271053A26}.Release|x64.ActiveCfg = Release|Any CPU
		{C459846C-5953-4CA5-A86B-385271053A26}.Release|x64.Build.0 = Release|Any CPU
		{C459846C-5953-4CA5-A86B-385271053A26}.Release|x64.Deploy.0 = Release|Any CPU
		{C459846C-5953-4CA5-A86B-385271053A26}.Release|x86.ActiveCfg = Release|Any CPU
		{C459846C-5953-4CA5-A86B-385271053A26}.Release|x86.Build.0 = Release|Any CPU
		{C459846C-5953-4CA5-A86B-385271053A26}.Release|x86.Deploy.0 = Release|Any CPU
		{2C080797-92C7-425C-8CB4-13F701607918}.Debug|Any CPU.ActiveCfg = Debug|iPhoneSimulator
		{2C080797-92C7-425C-8CB4-13F701607918}.Debug|Any CPU.Build.0 = Debug|iPhoneSimulator
		{2C080797-92C7-425C-8CB4-13F701607918}.Debug|Any CPU.Deploy.0 = Debug|iPhoneSimulator
		{2C080797-92C7-425C-8CB4-13F701607918}.Debug|ARM.ActiveCfg = Debug|iPhone
		{2C080797-92C7-425C-8CB4-13F701607918}.Debug|ARM.Build.0 = Debug|iPhone
		{2C080797-92C7-425C-8CB4-13F701607918}.Debug|ARM.Deploy.0 = Debug|iPhone
		{2C080797-92C7-425C-8CB4-13F701607918}.Debug|iPhone.ActiveCfg = Debug|iPhone
		{2C080797-92C7-425C-8CB4-13F701607918}.Debug|iPhone.Build.0 = Debug|iPhone
		{2C080797-92C7-425C-8CB4-13F701607918}.Debug|iPhone.Deploy.0 = Debug|iPhone
		{2C080797-92C7-425C-8CB4-13F701607918}.Debug|iPhoneSimulator.ActiveCfg = Debug|iPhoneSimulator
		{2C080797-92C7-425C-8CB4-13F701607918}.Debug|iPhoneSimulator.Build.0 = Debug|iPhoneSimulator
		{2C080797-92C7-425C-8CB4-13F701607918}.Debug|iPhoneSimulator.Deploy.0 = Debug|iPhoneSimulator
		{2C080797-92C7-425C-8CB4-13F701607918}.Debug|x64.ActiveCfg = Debug|iPhoneSimulator
		{2C080797-92C7-425C-8CB4-13F701607918}.Debug|x64.Build.0 = Debug|iPhoneSimulator
		{2C080797-92C7-425C-8CB4-13F701607918}.Debug|x64.Deploy.0 = Debug|iPhoneSimulator
		{2C080797-92C7-425C-8CB4-13F701607918}.Debug|x86.ActiveCfg = Debug|iPhoneSimulator
		{2C080797-92C7-425C-8CB4-13F701607918}.Debug|x86.Build.0 = Debug|iPhoneSimulator
		{2C080797-92C7-425C-8CB4-13F701607918}.Debug|x86.Deploy.0 = Debug|iPhoneSimulator
		{2C080797-92C7-425C-8CB4-13F701607918}.Release|Any CPU.ActiveCfg = Release|iPhoneSimulator
		{2C080797-92C7-425C-8CB4-13F701607918}.Release|Any CPU.Build.0 = Release|iPhoneSimulator
		{2C080797-92C7-425C-8CB4-13F701607918}.Release|Any CPU.Deploy.0 = Release|iPhoneSimulator
		{2C080797-92C7-425C-8CB4-13F701607918}.Release|ARM.ActiveCfg = Release|iPhoneSimulator
		{2C080797-92C7-425C-8CB4-13F701607918}.Release|ARM.Build.0 = Release|iPhoneSimulator
		{2C080797-92C7-425C-8CB4-13F701607918}.Release|ARM.Deploy.0 = Release|iPhoneSimulator
		{2C080797-92C7-425C-8CB4-13F701607918}.Release|iPhone.ActiveCfg = Release|iPhone
		{2C080797-92C7-425C-8CB4-13F701607918}.Release|iPhone.Build.0 = Release|iPhone
		{2C080797-92C7-425C-8CB4-13F701607918}.Release|iPhone.Deploy.0 = Release|iPhone
		{2C080797-92C7-425C-8CB4-13F701607918}.Release|iPhoneSimulator.ActiveCfg = Release|iPhoneSimulator
		{2C080797-92C7-425C-8CB4-13F701607918}.Release|iPhoneSimulator.Build.0 = Release|iPhoneSimulator
		{2C080797-92C7-425C-8CB4-13F701607918}.Release|iPhoneSimulator.Deploy.0 = Release|iPhoneSimulator
		{2C080797-92C7-425C-8CB4-13F701607918}.Release|x64.ActiveCfg = Release|iPhoneSimulator
		{2C080797-92C7-425C-8CB4-13F701607918}.Release|x64.Build.0 = Release|iPhoneSimulator
		{2C080797-92C7-425C-8CB4-13F701607918}.Release|x64.Deploy.0 = Release|iPhoneSimulator
		{2C080797-92C7-425C-8CB4-13F701607918}.Release|x86.ActiveCfg = Release|iPhoneSimulator
		{2C080797-92C7-425C-8CB4-13F701607918}.Release|x86.Build.0 = Release|iPhoneSimulator
		{2C080797-92C7-425C-8CB4-13F701607918}.Release|x86.Deploy.0 = Release|iPhoneSimulator
		{6DCDF15D-1162-4F23-A2A4-63285C111C8F}.Debug|Any CPU.ActiveCfg = Debug|Any CPU
		{6DCDF15D-1162-4F23-A2A4-63285C111C8F}.Debug|Any CPU.Build.0 = Debug|Any CPU
		{6DCDF15D-1162-4F23-A2A4-63285C111C8F}.Debug|Any CPU.Deploy.0 = Debug|Any CPU
		{6DCDF15D-1162-4F23-A2A4-63285C111C8F}.Debug|ARM.ActiveCfg = Debug|Any CPU
		{6DCDF15D-1162-4F23-A2A4-63285C111C8F}.Debug|ARM.Build.0 = Debug|Any CPU
		{6DCDF15D-1162-4F23-A2A4-63285C111C8F}.Debug|ARM.Deploy.0 = Debug|Any CPU
		{6DCDF15D-1162-4F23-A2A4-63285C111C8F}.Debug|iPhone.ActiveCfg = Debug|Any CPU
		{6DCDF15D-1162-4F23-A2A4-63285C111C8F}.Debug|iPhone.Build.0 = Debug|Any CPU
		{6DCDF15D-1162-4F23-A2A4-63285C111C8F}.Debug|iPhone.Deploy.0 = Debug|Any CPU
		{6DCDF15D-1162-4F23-A2A4-63285C111C8F}.Debug|iPhoneSimulator.ActiveCfg = Debug|Any CPU
		{6DCDF15D-1162-4F23-A2A4-63285C111C8F}.Debug|iPhoneSimulator.Build.0 = Debug|Any CPU
		{6DCDF15D-1162-4F23-A2A4-63285C111C8F}.Debug|iPhoneSimulator.Deploy.0 = Debug|Any CPU
		{6DCDF15D-1162-4F23-A2A4-63285C111C8F}.Debug|x64.ActiveCfg = Debug|Any CPU
		{6DCDF15D-1162-4F23-A2A4-63285C111C8F}.Debug|x64.Build.0 = Debug|Any CPU
		{6DCDF15D-1162-4F23-A2A4-63285C111C8F}.Debug|x64.Deploy.0 = Debug|Any CPU
		{6DCDF15D-1162-4F23-A2A4-63285C111C8F}.Debug|x86.ActiveCfg = Debug|Any CPU
		{6DCDF15D-1162-4F23-A2A4-63285C111C8F}.Debug|x86.Build.0 = Debug|Any CPU
		{6DCDF15D-1162-4F23-A2A4-63285C111C8F}.Debug|x86.Deploy.0 = Debug|Any CPU
		{6DCDF15D-1162-4F23-A2A4-63285C111C8F}.Release|Any CPU.ActiveCfg = Release|Any CPU
		{6DCDF15D-1162-4F23-A2A4-63285C111C8F}.Release|Any CPU.Build.0 = Release|Any CPU
		{6DCDF15D-1162-4F23-A2A4-63285C111C8F}.Release|Any CPU.Deploy.0 = Release|Any CPU
		{6DCDF15D-1162-4F23-A2A4-63285C111C8F}.Release|ARM.ActiveCfg = Release|Any CPU
		{6DCDF15D-1162-4F23-A2A4-63285C111C8F}.Release|ARM.Build.0 = Release|Any CPU
		{6DCDF15D-1162-4F23-A2A4-63285C111C8F}.Release|ARM.Deploy.0 = Release|Any CPU
		{6DCDF15D-1162-4F23-A2A4-63285C111C8F}.Release|iPhone.ActiveCfg = Release|Any CPU
		{6DCDF15D-1162-4F23-A2A4-63285C111C8F}.Release|iPhone.Build.0 = Release|Any CPU
		{6DCDF15D-1162-4F23-A2A4-63285C111C8F}.Release|iPhone.Deploy.0 = Release|Any CPU
		{6DCDF15D-1162-4F23-A2A4-63285C111C8F}.Release|iPhoneSimulator.ActiveCfg = Release|Any CPU
		{6DCDF15D-1162-4F23-A2A4-63285C111C8F}.Release|iPhoneSimulator.Build.0 = Release|Any CPU
		{6DCDF15D-1162-4F23-A2A4-63285C111C8F}.Release|iPhoneSimulator.Deploy.0 = Release|Any CPU
		{6DCDF15D-1162-4F23-A2A4-63285C111C8F}.Release|x64.ActiveCfg = Release|Any CPU
		{6DCDF15D-1162-4F23-A2A4-63285C111C8F}.Release|x64.Build.0 = Release|Any CPU
		{6DCDF15D-1162-4F23-A2A4-63285C111C8F}.Release|x64.Deploy.0 = Release|Any CPU
		{6DCDF15D-1162-4F23-A2A4-63285C111C8F}.Release|x86.ActiveCfg = Release|Any CPU
		{6DCDF15D-1162-4F23-A2A4-63285C111C8F}.Release|x86.Build.0 = Release|Any CPU
		{6DCDF15D-1162-4F23-A2A4-63285C111C8F}.Release|x86.Deploy.0 = Release|Any CPU
	EndGlobalSection
	GlobalSection(SolutionProperties) = preSolution
		HideSolutionNode = FALSE
	EndGlobalSection
	GlobalSection(ExtensibilityGlobals) = postSolution
		SolutionGuid = {0215127C-3D15-4FCC-BB12-1E32799B124F}
	EndGlobalSection
EndGlobal
